
Microsoft Visual Studio Solution File, Format Version 12.00
# Visual Studio 15
VisualStudioVersion = 15.0.28307.438
MinimumVisualStudioVersion = 10.0.40219.1
Project("{FAE04EC0-301F-11D3-BF4B-00C04F79EFBC}") = "Vidly", "Vidly\Vidly.csproj", "{50BA8777-41D8-4873-803A-9D1AF58EE8FA}"
EndProject
Global
	GlobalSection(SolutionConfigurationPlatforms) = preSolution
		Debug|Any CPU = Debug|Any CPU
		Release|Any CPU = Release|Any CPU
	EndGlobalSection
	GlobalSection(ProjectConfigurationPlatforms) = postSolution
		{50BA8777-41D8-4873-803A-9D1AF58EE8FA}.Debug|Any CPU.ActiveCfg = Debug|Any CPU
		{50BA8777-41D8-4873-803A-9D1AF58EE8FA}.Debug|Any CPU.Build.0 = Debug|Any CPU
		{50BA8777-41D8-4873-803A-9D1AF58EE8FA}.Release|Any CPU.ActiveCfg = Release|Any CPU
		{50BA8777-41D8-4873-803A-9D1AF58EE8FA}.Release|Any CPU.Build.0 = Release|Any CPU
	EndGlobalSection
	GlobalSection(SolutionProperties) = preSolution
		HideSolutionNode = FALSE
	EndGlobalSection
	GlobalSection(ExtensibilityGlobals) = postSolution
		SolutionGuid = {4B3B1DAC-40E8-43BE-93D2-F17DAA833A5E}
	EndGlobalSection
EndGlobal
